
Microsoft Visual Studio Solution File, Format Version 12.00
# Visual Studio Version 16
VisualStudioVersion = 16.0.30114.105
MinimumVisualStudioVersion = 10.0.40219.1
Project("{FAE04EC0-301F-11D3-BF4B-00C04F79EFBC}") = "price-calculator-kata", "price-calculator-kata\price-calculator-kata.csproj", "{EF1D0266-1B7B-4BF4-98C2-AD9D5D788E81}"
EndProject
Project("{FAE04EC0-301F-11D3-BF4B-00C04F79EFBC}") = "price-calculator-kata.Tests", "price-calculator-kata.Tests\price-calculator-kata.Tests.csproj", "{4BA9636F-2760-478E-B179-64275141846A}"
EndProject
Global
	GlobalSection(SolutionConfigurationPlatforms) = preSolution
		Debug|Any CPU = Debug|Any CPU
		Release|Any CPU = Release|Any CPU
	EndGlobalSection
	GlobalSection(SolutionProperties) = preSolution
		HideSolutionNode = FALSE
	EndGlobalSection
	GlobalSection(ProjectConfigurationPlatforms) = postSolution
		{EF1D0266-1B7B-4BF4-98C2-AD9D5D788E81}.Debug|Any CPU.ActiveCfg = Debug|Any CPU
		{EF1D0266-1B7B-4BF4-98C2-AD9D5D788E81}.Debug|Any CPU.Build.0 = Debug|Any CPU
		{EF1D0266-1B7B-4BF4-98C2-AD9D5D788E81}.Release|Any CPU.ActiveCfg = Release|Any CPU
		{EF1D0266-1B7B-4BF4-98C2-AD9D5D788E81}.Release|Any CPU.Build.0 = Release|Any CPU
		{4BA9636F-2760-478E-B179-64275141846A}.Debug|Any CPU.ActiveCfg = Debug|Any CPU
		{4BA9636F-2760-478E-B179-64275141846A}.Debug|Any CPU.Build.0 = Debug|Any CPU
		{4BA9636F-2760-478E-B179-64275141846A}.Release|Any CPU.ActiveCfg = Release|Any CPU
		{4BA9636F-2760-478E-B179-64275141846A}.Release|Any CPU.Build.0 = Release|Any CPU
	EndGlobalSection
EndGlobal
